
Microsoft Visual Studio Solution File, Format Version 12.00
# Visual Studio Version 17
VisualStudioVersion = 17.4.33110.190
MinimumVisualStudioVersion = 10.0.40219.1
Project("{FAE04EC0-301F-11D3-BF4B-00C04F79EFBC}") = "ASPNETWebAPI", "ASPNETWebAPI\ASPNETWebAPI.csproj", "{86B49AB9-66CB-49D9-9D55-C0B972AED952}"
EndProject
Global
	GlobalSection(SolutionConfigurationPlatforms) = preSolution
		Debug|Any CPU = Debug|Any CPU
		Release|Any CPU = Release|Any CPU
	EndGlobalSection
	GlobalSection(ProjectConfigurationPlatforms) = postSolution
		{86B49AB9-66CB-49D9-9D55-C0B972AED952}.Debug|Any CPU.ActiveCfg = Debug|Any CPU
		{86B49AB9-66CB-49D9-9D55-C0B972AED952}.Debug|Any CPU.Build.0 = Debug|Any CPU
		{86B49AB9-66CB-49D9-9D55-C0B972AED952}.Release|Any CPU.ActiveCfg = Release|Any CPU
		{86B49AB9-66CB-49D9-9D55-C0B972AED952}.Release|Any CPU.Build.0 = Release|Any CPU
	EndGlobalSection
	GlobalSection(SolutionProperties) = preSolution
		HideSolutionNode = FALSE
	EndGlobalSection
	GlobalSection(ExtensibilityGlobals) = postSolution
		SolutionGuid = {6F5D6A5D-18B7-4474-B891-06001BA039C3}
	EndGlobalSection
EndGlobal
